version = 1
revision = 5
requires-python = ">=3.11"
resolution-markers = [
    "python_full_version >= '3.12'",
    "python_full_version < '3.12'",
]

[[package]]
name = "colorama"
version = "0.4.6"
source = { registry = "https://pypi.org/simple" }
sdist = { url = "https://files.pythonhosted.org/packages/d8/53/6f443c9a4a8358a93a6792e2acffb9d9d5cb0a5cfd8802644b7b1c9a02e4/colorama-0.4.6.tar.gz", hash = "sha256:08695f5cb7ed6e0531a20572697297273c47b8cae5a63ffc6d6ed5c201be6e44", size = 27697, upload-time = "2022-10-25T02:36:22.414Z" }
wheels = [
    { url = "https://files.pythonhosted.org/packages/d1/d6/3965ed04c63042e047cb6a3e6ed1a63a35087b6a609aa3a15ed8ac56c221/colorama-0.4.6-py2.py3-none-any.whl", hash = "sha256:4f1d9991f5acc0ca119f9d443620b77f9d6b33703e51011c16baf57afb285fc6", size = 25335, upload-time = "2022-10-25T02:36:20.889Z" },
]

[[package]]
name = "iniconfig"
version = "2.3.0"
source = { registry = "https://pypi.org/simple" }
sdist = { url = "https://files.pythonhosted.org/packages/72/34/14ca021ce8e5dfedc35312d08ba8bf51fdd999c576889fc2c24cb97f4f10/iniconfig-2.3.0.tar.gz", hash = "sha256:c76315c77db068650d49c5b56314774a7804df16fee4402c1f19d6d15d8c4730", size = 20503, upload-time = "2025-10-18T21:55:43.219Z" }
wheels = [
    { url = "https://files.pythonhosted.org/packages/cb/b1/3846dd7f199d53cb17f49cba7e651e9ce294d8497c8c150530ed11865bb8/iniconfig-2.3.0-py3-none-any.whl", hash = "sha256:f631c04d2c48c52b84d0d0549c99ff3859c98df65b3101406327ecc7d53fbf12", size = 7484, upload-time = "2025-10-18T21:55:41.639Z" },
]

[[package]]
name = "markdown-it-py"
version = "4.2.0"
source = { registry = "https://pypi.org/simple" }
dependencies = [
    { name = "mdurl" },
]
sdist = { url = "https://files.pythonhosted.org/packages/06/ff/7841249c247aa650a76b9ee4bbaeae59370dc8bfd2f6c01f3630c35eb134/markdown_it_py-4.2.0.tar.gz", hash = "sha256:04a21681d6fbb623de53f6f364d352309d4094dd4194040a10fd51833e418d49", size = 82454, upload-time = "2026-05-07T12:08:28.36Z" }
wheels = [
    { url = "https://files.pythonhosted.org/packages/b3/81/4da04ced5a082363ecfa159c010d200ecbd959ae410c10c0264a38cac0f5/markdown_it_py-4.2.0-py3-none-any.whl", hash = "sha256:9f7ebbcd14fe59494226453aed97c1070d83f8d24b6fc3a3bcf9a38092641c4a", size = 91687, upload-time = "2026-05-07T12:08:27.182Z" },
]

[[package]]
name = "mdurl"
version = "0.1.2"
source = { registry = "https://pypi.org/simple" }
sdist = { url = "https://files.pythonhosted.org/packages/d6/54/cfe61301667036ec958cb99bd3efefba235e65cdeb9c84d24a8293ba1d90/mdurl-0.1.2.tar.gz", hash = "sha256:bb413d29f5eea38f31dd4754dd7377d4465116fb207585f97bf925588687c1ba", size = 8729, upload-time = "2022-08-14T12:40:10.846Z" }
wheels = [
    { url = "https://files.pythonhosted.org/packages/b3/38/89ba8ad64ae25be8de66a6d463314cf1eb366222074cfda9ee839c56a4b4/mdurl-0.1.2-py3-none-any.whl", hash = "sha256:84008a41e51615a49fc9966191ff91509e3c40b939176e643fd50a5c2196b8f8", size = 9979, upload-time = "2022-08-14T12:40:09.779Z" },
]

[[package]]
name = "packaging"
version = "26.3"
source = { registry = "https://pypi.org/simple" }
sdist = { url = "https://files.pythonhosted.org/packages/7d/fa/3944b40b07da9ce895c0e6303a5ab7d53da063554f534556b134a54d6093/packaging-26.3.tar.gz", hash = "sha256:94edc256424af38762eb31306eed28beb9f0efc50a8837492c9d6fd6004aed79", size = 313412, upload-time = "2026-08-04T18:15:28.737Z" }
wheels = [
    { url = "https://files.pythonhosted.org/packages/63/34/ba1c580383c9eada3711951fef0795c80b829a078d72188184bcab9dd527/packaging-26.3-py3-none-any.whl", hash = "sha256:d7193f7c8e4e93f444fde0262bf90af30e16fa0ad0ad44cb553c87339b23cd1c", size = 129956, upload-time = "2026-08-04T18:15:27.159Z" },
]

[[package]]
name = "pluggy"
version = "1.6.0"
source = { registry = "https://pypi.org/simple" }
sdist = { url = "https://files.pythonhosted.org/packages/f9/e2/3e91f31a7d2b083fe6ef3fa267035b518369d9511ffab804f839851d2779/pluggy-1.6.0.tar.gz", hash = "sha256:7dcc130b76258d33b90f61b658791dede3486c3e6bfb003ee5c9bfb396dd22f3", size = 69412, upload-time = "2025-05-15T12:30:07.975Z" }
wheels = [
    { url = "https://files.pythonhosted.org/packages/54/20/4d324d65cc6d9205fabedc306948156824eb9f0ee1633355a8f7ec5c66bf/pluggy-1.6.0-py3-none-any.whl", hash = "sha256:e920276dd6813095e9377c0bc5566d94c932c33b27a3e3945d8389c374dd4746", size = 20538, upload-time = "2025-05-15T12:30:06.134Z" },
]

[[package]]
name = "pygments"
version = "2.21.0"
source = { registry = "https://pypi.org/simple" }
sdist = { url = "https://files.pythonhosted.org/packages/49/2e/ced460408999b33da6b31b0021b0f37d329e202d4169aeb164493778f25b/pygments-2.21.0.tar.gz", hash = "sha256:610ca751c9bc2492b38eb9a38a7fbc93edbbb2d7182edaf34e66ae493dee5c8c", size = 5005329, upload-time = "2026-08-17T08:02:48.824Z" }
wheels = [
    { url = "https://files.pythonhosted.org/packages/71/46/17f022dd3e953bf20a04a028a21ec746d942f8d2af30fa0f124fa0e6a684/pygments-2.21.0-py3-none-any.whl", hash = "sha256:2363c69b61c4a97c838da3b130dcd6468f4848992b21a82f2a63ec34377137d9", size = 1250147, upload-time = "2026-08-17T08:02:44.912Z" },
]

[[package]]
name = "pytest"
version = "9.1.1"
source = { registry = "https://pypi.org/simple" }
dependencies = [
    { name = "colorama", marker = "sys_platform == 'win32'" },
    { name = "iniconfig" },
    { name = "packaging" },
    { name = "pluggy" },
    { name = "pygments" },
]
sdist = { url = "https://files.pythonhosted.org/packages/e4/47/b9efed96c114afcfa3c9d3fe98a76a1d14c74a9e266d397cf6eb64be5e01/pytest-9.1.1.tar.gz", hash = "sha256:1088fbde8f2b49d95a549a195707afa7a76a3ce9bcadc26b6d71f0ffda5fe313", size = 1636369, upload-time = "2026-06-19T10:58:32.857Z" }
wheels = [
    { url = "https://files.pythonhosted.org/packages/24/25/1de2678b631f5a49215c6c96fff41ba892b0a34df68d6d80292b1b48aa7f/pytest-9.1.1-py3-none-any.whl", hash = "sha256:37a86b45efb9a47a61a36449063e8e18d0cab3161329fc099eb21783169c4f0c", size = 386536, upload-time = "2026-06-19T10:58:31.347Z" },
]

[[package]]
name = "rich"
version = "15.0.0"
source = { registry = "https://pypi.org/simple" }
dependencies = [
    { name = "markdown-it-py" },
    { name = "pygments" },
]
sdist = { url = "https://files.pythonhosted.org/packages/c0/8f/0722ca900cc807c13a6a0c696dacf35430f72e0ec571c4275d2371fca3e9/rich-15.0.0.tar.gz", hash = "sha256:edd07a4824c6b40189fb7ac9bc4c52536e9780fbbfbddf6f1e2502c31b068c36", size = 230680, upload-time = "2026-04-12T08:24:00.75Z" }
wheels = [
    { url = "https://files.pythonhosted.org/packages/82/3b/64d4899d73f91ba49a8c18a8ff3f0ea8f1c1d75481760df8c68ef5235bf5/rich-15.0.0-py3-none-any.whl", hash = "sha256:33bd4ef74232fb73fe9279a257718407f169c09b78a87ad3d296f548e27de0bb", size = 310654, upload-time = "2026-04-12T08:24:02.83Z" },
]

[[package]]
name = "sherpa-onnx"
version = "1.13.8"
source = { registry = "https://pypi.org/simple" }
sdist = { url = "https://files.pythonhosted.org/packages/f9/5d/9c19acbe7eebd09cee4b69408532f44dc09e71b6025518ed7dd9c0509d6d/sherpa_onnx-1.13.8.tar.gz", hash = "sha256:68e638f745df120a7fae268b7bae0eaab2362b5ad76fe3389bece1d3cd63272c", size = 1057541, upload-time = "2026-09-10T15:05:43.696Z" }
wheels = [
    { url = "https://files.pythonhosted.org/packages/10/43/ac0418d7336b38df63a098bbb4d2c78d8d6ea981454de535ee94b1da2816/sherpa_onnx-1.13.8-cp311-cp311-linux_armv7l.whl", hash = "sha256:5a324650a38f2d1dfac12305d5ee5f83265c805513e2e2b6dae7c52e3bf9eee6", size = 12229581, upload-time = "2026-09-10T16:21:45.287Z" },
    { url = "https://files.pythonhosted.org/packages/3a/53/1248cf11cbba23e2b9b9e0cfed8945b73956398d331e89b61c8e2297c4ec/sherpa_onnx-1.13.8-cp311-cp311-macosx_10_15_universal2.whl", hash = "sha256:b4c2e9c5fd12fe3ac6a21d76b45f16442d3b1d80691d81fbb0f8acfef250f5a3", size = 4434699, upload-time = "2026-09-10T14:54:30.83Z" },
    { url = "https://files.pythonhosted.org/packages/d6/be/c2b2a42ffcb22224fa95c62280cdc1f955f30f21805a2fda7fd182539628/sherpa_onnx-1.13.8-cp311-cp311-macosx_10_15_x86_64.whl", hash = "sha256:a00d9ceeb4d9531d2f5bd90d194d53408461c5aa6ff46e65f8776ed37007f3d0", size = 2332701, upload-time = "2026-09-10T15:01:40.938Z" },
    { url = "https://files.pythonhosted.org/packages/a9/74/dafb3c1c1ff82fc00abd098ade44811e48f3af88b4e3c2f1628567d0e80b/sherpa_onnx-1.13.8-cp311-cp311-macosx_11_0_arm64.whl", hash = "sha256:8bb2b86ce44b5c5bb9949977177ddc36954c51097f81284d5ac48588e821ec07", size = 2141306, upload-time = "2026-09-10T15:36:50.677Z" },
    { url = "https://files.pythonhosted.org/packages/c6/02/f2300e5cb07a611afcac5699a97c8d6f229f53a7c751882818ed40a7f72f/sherpa_onnx-1.13.8-cp311-cp311-manylinux2014_aarch64.manylinux_2_17_aarch64.whl", hash = "sha256:b56808d19a79368dcaa507d02a4c1ce537ca713fab9fedd91256b4ec599c6bf7", size = 4177610, upload-time = "2026-09-10T15:11:29.024Z" },
    { url = "https://files.pythonhosted.org/packages/ae/c6/1fe91047af08b30806f18fac55639037d3cf0247aeec97b7b7884407d6bf/sherpa_onnx-1.13.8-cp311-cp311-manylinux2014_x86_64.manylinux_2_17_x86_64.whl", hash = "sha256:94fd1476b56ed36b851da8db9bd5144e92f669007ad54e0d8094913e4fbf1418", size = 4398381, upload-time = "2026-09-10T15:05:05.363Z" },
    { url = "https://files.pythonhosted.org/packages/2a/d2/b7601292ccc18f35cdb39a82f1bbb11e4ffe210bd235179c9da3715761f1/sherpa_onnx-1.13.8-cp311-cp311-win32.whl", hash = "sha256:de271d3338358dfb7cea1f780e7d99738437c0d9969f11b5bcf5d6660c6734b7", size = 1964883, upload-time = "2026-09-10T15:23:22.705Z" },
    { url = "https://files.pythonhosted.org/packages/a8/95/9325a66149d5a54c53161eba9ba77f8ea7068dc8f921c3d8b75174261211/sherpa_onnx-1.13.8-cp311-cp311-win_amd64.whl", hash = "sha256:171e6fac715bae20e11829e8dbfc70ed990ede1b35e6332f8121b27691a002de", size = 2283357, upload-time = "2026-09-10T15:52:44.166Z" },
    { url = "https://files.pythonhosted.org/packages/86/e6/e86545b64d55e134f9eb15641d69943bc34b68d9db187043c6e95d002123/sherpa_onnx-1.13.8-cp311-cp311-win_arm64.whl", hash = "sha256:41c3433fc044936808a9799b89a5e4c4f7b79d68eda8600d900a3f3724074099", size = 2242706, upload-time = "2026-09-10T15:16:42.968Z" },
    { url = "https://files.pythonhosted.org/packages/e0/74/f88231aa67e7713b2509da3aa53756b9c85f42fc7a3abe3a4b825e2974bc/sherpa_onnx-1.13.8-cp312-cp312-linux_armv7l.whl", hash = "sha256:6e50efbe69ff07f8b62d2d01f9d7f6e5854033be4b8d940fe9b575e873b22584", size = 12230846, upload-time = "2026-09-10T16:56:15.576Z" },
    { url = "https://files.pythonhosted.org/packages/a0/35/ed6cc5d2e29f29c9778975bec44ac5e8069e1a3528f7ff1306cbdcdab585/sherpa_onnx-1.13.8-cp312-cp312-macosx_10_15_universal2.whl", hash = "sha256:17ff957b1b33849671262ddbac51815a5a82286f963091bddf85540c9e728c12", size = 4457476, upload-time = "2026-09-10T15:45:38.598Z" },
    { url = "https://files.pythonhosted.org/packages/36/e6/a19257d7c60bf04c07f8d0772b943b6596b6b10cfb0694b7794d36630d40/sherpa_onnx-1.13.8-cp312-cp312-macosx_10_15_x86_64.whl", hash = "sha256:ef218d6545a9dcc2aff7043f39026c7d78d6cf46a3876d450d508feebffc00a9", size = 2350796, upload-time = "2026-09-10T14:23:58.591Z" },
    { url = "https://files.pythonhosted.org/packages/78/6e/8d9b92e95896ec500084e706529f5637eff797246e74c498922f6aa13a53/sherpa_onnx-1.13.8-cp312-cp312-macosx_11_0_arm64.whl", hash = "sha256:04b9268c348e9f4bd61315754ad06b02a3c185d3d7770acd8e2dcee9c2e039f9", size = 2146858, upload-time = "2026-09-10T14:49:23.355Z" },
    { url = "https://files.pythonhosted.org/packages/1f/5f/22e1571146b2c0b581657562d5919b69da13ed93dc70049f42d45fe9e84c/sherpa_onnx-1.13.8-cp312-cp312-manylinux2014_aarch64.manylinux_2_17_aarch64.whl", hash = "sha256:2520b1e7b779a29a493a8cec893612218dfad7304786bf3f64df2ff7ac6c3302", size = 4176945, upload-time = "2026-09-10T15:21:43.965Z" },
    { url = "https://files.pythonhosted.org/packages/13/78/2f712b7408ddbb64614c20388912414705b728516224e737b63f2adec94a/sherpa_onnx-1.13.8-cp312-cp312-manylinux2014_x86_64.manylinux_2_17_x86_64.whl", hash = "sha256:6949773017647febc0c3696dffb2c67dd3febd4737b87e3dd135a42773704a06", size = 4400575, upload-time = "2026-09-10T14:49:42.265Z" },
    { url = "https://files.pythonhosted.org/packages/39/62/a6cc995ea40fd88a14b5d312d7b86b49ab65213e501f15fabe00cf79e1e5/sherpa_onnx-1.13.8-cp312-cp312-win32.whl", hash = "sha256:90e0c7b16fe6be32361dc3f6d2a66e8f74e8085079e91da1bee1acea772b769d", size = 1965883, upload-time = "2026-09-10T15:11:47.827Z" },
    { url = "https://files.pythonhosted.org/packages/24/af/33e9dcaa527bbc0c2526959713626607a46da2d7b19871b7773d8607d356/sherpa_onnx-1.13.8-cp312-cp312-win_amd64.whl", hash = "sha256:566e49ad3fb2aa8ceb723a52f9809aa6c2ee0a5eb3b0946c3fd2374af807a5c6", size = 2287856, upload-time = "2026-09-10T15:39:28.995Z" },
    { url = "https://files.pythonhosted.org/packages/ea/0e/237f9baaa3da5c029a06803a7587d4717ec191284d6f3972c679683ad6d8/sherpa_onnx-1.13.8-cp312-cp312-win_arm64.whl", hash = "sha256:1613f14db38b6936098c660f610baee95541378edbdec39a973a591d8df58f5b", size = 2249666, upload-time = "2026-09-10T14:54:55.475Z" },
    { url = "https://files.pythonhosted.org/packages/c8/c5/172fddb0ab34bed7f645df376d4c2e19deb5b3bc336ca06e1f7a52777e48/sherpa_onnx-1.13.8-cp313-cp313-linux_armv7l.whl", hash = "sha256:bbd93a09fa01fb32c222614a7f939495d8966fc15e1cb3943d7a79d3fe7291bd", size = 12230180, upload-time = "2026-09-10T16:28:11.636Z" },
    { url = "https://files.pythonhosted.org/packages/cf/7c/21316b8e438598da6f54cc5eea6994fbb9d508caf4afd8292b76802b244c/sherpa_onnx-1.13.8-cp313-cp313-macosx_10_15_universal2.whl", hash = "sha256:d2f50ad1b1e1918c0358270846288bdc1636b130bea4d9d85088a14bb7de69b1", size = 4458011, upload-time = "2026-09-10T16:02:34.034Z" },
    { url = "https://files.pythonhosted.org/packages/7d/4d/b442afd30eff64b83112b54fa866c5d2e3a5aeec13ee8bd665c7b146fba1/sherpa_onnx-1.13.8-cp313-cp313-macosx_10_15_x86_64.whl", hash = "sha256:5f8df54514af5025b9d428403dd9a27f6fe252b5e162311bf5c47228a50d0cc5", size = 2351015, upload-time = "2026-09-10T14:37:10.823Z" },
    { url = "https://files.pythonhosted.org/packages/ce/7b/9829c8e222e6103fd3571523252974c1095c49ae7d1511babf46c4f0d6ea/sherpa_onnx-1.13.8-cp313-cp313-macosx_11_0_arm64.whl", hash = "sha256:2c5a1799c326715b1ee69dae3be48883ddc6fb922fb813067606f7e9a29ea234", size = 2147122, upload-time = "2026-09-10T15:47:29.125Z" },
    { url = "https://files.pythonhosted.org/packages/13/e3/115476caa9f80cd5f55e4e7b777a6c2d01a133d10f8fae574ba869fc48c3/sherpa_onnx-1.13.8-cp313-cp313-manylinux2014_aarch64.manylinux_2_17_aarch64.whl", hash = "sha256:916ec38242e779ee3a99f7b161bd1bf3b02a7fad34cb073d091021c0469e0b58", size = 4177700, upload-time = "2026-09-10T14:27:20.564Z" },
    { url = "https://files.pythonhosted.org/packages/8f/eb/b77acde02d9eee359436ade9239d9ade4351b09fbe85387a293f341c19ed/sherpa_onnx-1.13.8-cp313-cp313-manylinux2014_x86_64.manylinux_2_17_x86_64.whl", hash = "sha256:0e5d870fb0648befb94e260c11de4cf4b293b2a90a63e3a6a2869be698927bc4", size = 4401242, upload-time = "2026-09-10T15:28:26.857Z" },
    { url = "https://files.pythonhosted.org/packages/04/3d/a5f41332fe672e139f542541cb1afecf96addcbb72ee4bf84b0f9ba3dd22/sherpa_onnx-1.13.8-cp313-cp313-win32.whl", hash = "sha256:4bbc4dbbd539fd83c28aa7a076e0e5e1c5c4c4cc9e31fc5bd956b4e8b032fcfc", size = 1966530, upload-time = "2026-09-10T15:51:56.826Z" },
    { url = "https://files.pythonhosted.org/packages/52/1f/a96759b33dab99647e57f94040d678c332e0d7eb595127d1e0b4e0b9af27/sherpa_onnx-1.13.8-cp313-cp313-win_amd64.whl", hash = "sha256:195455d8d6cc49f616e9d459b7d08f10a32daf2ddcbe90d4d479a8ba9aab28bf", size = 2288187, upload-time = "2026-09-10T15:59:35.179Z" },
    { url = "https://files.pythonhosted.org/packages/71/96/86a9571b95336e9968519acedcb33f17fb4c3512e961344f6daed47636cc/sherpa_onnx-1.13.8-cp313-cp313-win_arm64.whl", hash = "sha256:15e2d2ac2524e42efb40057f6e1d7cc53529417e791f5cf1bdd721a0ec2b1f7e", size = 2245867, upload-time = "2026-09-10T14:52:43.668Z" },
    { url = "https://files.pythonhosted.org/packages/58/e9/e7669a9f7a927e33f20b9bf98ffbe8d11c7f60c6e8f492bd0bc59dcb94d7/sherpa_onnx-1.13.8-cp314-cp314-android_24_arm64_v8a.whl", hash = "sha256:533440358bbfc5796bc8cf85fe2bc08d0c91de5200fc03da2d3eb656caec705b", size = 2364130, upload-time = "2026-09-10T14:04:10.482Z" },
    { url = "https://files.pythonhosted.org/packages/83/68/d76f8dd62b7475a0583c57cfaaebbb1de693b42405a17796613fa7592227/sherpa_onnx-1.13.8-cp314-cp314-android_24_armeabi_v7a.whl", hash = "sha256:4757a983a0b2757ae55e6179b0f5369381316b1efcdfd5a35b6ccb341fae3daa", size = 2433241, upload-time = "2026-09-10T14:04:22.379Z" },
    { url = "https://files.pythonhosted.org/packages/a5/fe/86cbd751f3b36f59ac0333b1ebbf91312c2fc5031c6cf54095a54735b690/sherpa_onnx-1.13.8-cp314-cp314-android_24_x86.whl", hash = "sha256:c0bd1249e4ff8a4f93c8b7eb7e906b8d894738556379b28e78817cbdf996eb72", size = 2527240, upload-time = "2026-09-10T14:10:43.529Z" },
    { url = "https://files.pythonhosted.org/packages/a4/00/bd069882f9a707a7e0cdad32f9447b95e756d4fe1421419ba0e6d9a2fcd2/sherpa_onnx-1.13.8-cp314-cp314-android_24_x86_64.whl", hash = "sha256:e787ab8e2c859bae1589b9dc729ca2d66096505db028f2969b1c3a380a986a38", size = 2588008, upload-time = "2026-09-10T14:35:08.781Z" },
    { url = "https://files.pythonhosted.org/packages/76/b9/832bab8dc5116bb29b0ff7cc1aed5122ab2115c6bb947140073f6930fe67/sherpa_onnx-1.13.8-cp314-cp314-linux_armv7l.whl", hash = "sha256:40a7a26e4af197f6b46e73e73cc6792c3401b12377e7d8d674766a5cb67ce4ac", size = 12228389, upload-time = "2026-09-10T16:44:33.115Z" },
    { url = "https://files.pythonhosted.org/packages/91/2c/4aee534542f2de43c3dadfbe7d436fdecfb28e4c6d5a12f75febdc3f5f8e/sherpa_onnx-1.13.8-cp314-cp314-macosx_10_15_universal2.whl", hash = "sha256:c8121c87eb80c86a8dbe2cf54ed11ca1150ae0001223bac902471e7b4608e1a9", size = 4461555, upload-time = "2026-09-10T15:58:23.745Z" },
    { url = "https://files.pythonhosted.org/packages/f5/fb/e8a289419f38ed9eb1882d22c12a2680254e5eb945e8e2517c5b2281dd23/sherpa_onnx-1.13.8-cp314-cp314-macosx_10_15_x86_64.whl", hash = "sha256:22f699e1fb2e8dafe02b1521ce74e0928b38cb68ad19f481380acf51e6a6965b", size = 2351239, upload-time = "2026-09-10T15:07:53.4Z" },
    { url = "https://files.pythonhosted.org/packages/33/f5/ff7f45799a1a77f165410fce5080be2cb59cfc98375bf4a56d7d1fe80540/sherpa_onnx-1.13.8-cp314-cp314-macosx_11_0_arm64.whl", hash = "sha256:7fa6ec595a8b4bba2b91e6f8e58647777050ac4eb9845f5a5026c20636c0e2be", size = 2149334, upload-time = "2026-09-10T15:19:02.491Z" },
    { url = "https://files.pythonhosted.org/packages/4f/9a/51821829b5735b3d7ce607992a62fe93d5f7215cda324c11191c77d49b9b/sherpa_onnx-1.13.8-cp314-cp314-manylinux2014_aarch64.manylinux_2_17_aarch64.whl", hash = "sha256:45f16c9fabc3d7ce31ba9722ff8196627ddcaa5ffd02413ad0664ad1952ba419", size = 4182835, upload-time = "2026-09-10T14:39:02.405Z" },
    { url = "https://files.pythonhosted.org/packages/2d/e2/b1af63c1f6a9e0025cbc9aa3b1814ba97ede63db0ad9f297bb9f268fdfc2/sherpa_onnx-1.13.8-cp314-cp314-manylinux2014_x86_64.manylinux_2_17_x86_64.whl", hash = "sha256:97309e4b5d9850490085da61e35b0fca002a39ec9da93cd9e21d2d0dcc1cc62a", size = 4403669, upload-time = "2026-09-10T14:53:18.178Z" },
    { url = "https://files.pythonhosted.org/packages/b3/34/48d01cc8581f3d4354eb14f1c91a04b52c4c2024ae7c3ce465355aa6d227/sherpa_onnx-1.13.8-cp314-cp314-win32.whl", hash = "sha256:bf5f95bfd992f5dd3f897f57fc13f9d0174e16e48c19d43a24923cc5fb61ded1", size = 2006786, upload-time = "2026-09-10T15:39:06.995Z" },
    { url = "https://files.pythonhosted.org/packages/24/a5/100a7c200e696b2756838b0bdb83e9cf96f62e524d44d43daba0a8e9d6fe/sherpa_onnx-1.13.8-cp314-cp314-win_amd64.whl", hash = "sha256:1ced230bdd02f4d50106ce5c41e5f9142b45248e67ca532c84439d0475932bb8", size = 2353481, upload-time = "2026-09-10T15:51:06.243Z" },
    { url = "https://files.pythonhosted.org/packages/1f/38/ce056f2cdcfa9abcf40ea572cc8ece2fac4fe19a5fe2f1ec589cf71e412c/sherpa_onnx-1.13.8-cp314-cp314-win_arm64.whl", hash = "sha256:ecce26fe96e4b733356568fac1e99df7038e9871b94b70d9f731e2ea8656db67", size = 2314981, upload-time = "2026-09-10T15:08:22.649Z" },
]

[[package]]
name = "transcript-wiz"
version = "0.20.0"
source = { editable = "." }
dependencies = [
    { name = "rich" },
]

[package.optional-dependencies]
diarize = [
    { name = "sherpa-onnx" },
]
test = [
    { name = "pytest" },
]

[package.metadata]
requires-dist = [
    { name = "pytest", marker = "extra == 'test'", specifier = ">=7" },
    { name = "rich", specifier = ">=13" },
    { name = "sherpa-onnx", marker = "extra == 'diarize'", specifier = ">=1.13.6" },
]
provides-extras = ["test", "diarize"]
